
Microsoft Visual Studio Solution File, Format Version 12.00
# Visual Studio Version 17
VisualStudioVersion = 17.4.33103.184
MinimumVisualStudioVersion = 10.0.40219.1
Project("{FAE04EC0-301F-11D3-BF4B-00C04F79EFBC}") = "webapi.event+.tarde", "webapi.event+.tarde.csproj", "{969D2A31-EF88-4163-AACF-0FF13CF4902D}"
EndProject
Global
	GlobalSection(SolutionConfigurationPlatforms) = preSolution
		Debug|Any CPU = Debug|Any CPU
		Release|Any CPU = Release|Any CPU
	EndGlobalSection
	GlobalSection(ProjectConfigurationPlatforms) = postSolution
		{969D2A31-EF88-4163-AACF-0FF13CF4902D}.Debug|Any CPU.ActiveCfg = Debug|Any CPU
		{969D2A31-EF88-4163-AACF-0FF13CF4902D}.Debug|Any CPU.Build.0 = Debug|Any CPU
		{969D2A31-EF88-4163-AACF-0FF13CF4902D}.Release|Any CPU.ActiveCfg = Release|Any CPU
		{969D2A31-EF88-4163-AACF-0FF13CF4902D}.Release|Any CPU.Build.0 = Release|Any CPU
	EndGlobalSection
	GlobalSection(SolutionProperties) = preSolution
		HideSolutionNode = FALSE
	EndGlobalSection
	GlobalSection(ExtensibilityGlobals) = postSolution
		SolutionGuid = {ED143923-5F05-4ECC-AF9A-FDEA2AA00FED}
	EndGlobalSection
EndGlobal
